
Microsoft Visual Studio Solution File, Format Version 12.00
# Visual Studio 2013
VisualStudioVersion = 12.0.21005.1
MinimumVisualStudioVersion = 10.0.40219.1
Project("{FAE04EC0-301F-11D3-BF4B-00C04F79EFBC}") = "Bykhovtsev.Nsudotnet.TicTacToeConsole", "Bykhovtsev.Nsudotnet.TicTacToeConsole.csproj", "{61FB736E-225D-4721-B280-A4D8EEBD008D}"
EndProject
Project("{FAE04EC0-301F-11D3-BF4B-00C04F79EFBC}") = "Bykhovtsev.Nsudotnet.TicTacToe", "..\TicTacToeGame\Bykhovtsev.Nsudotnet.TicTacToe.csproj", "{D62D5D8A-9732-4B9E-9E29-3126D55B317B}"
EndProject
Global
	GlobalSection(SolutionConfigurationPlatforms) = preSolution
		Debug|Any CPU = Debug|Any CPU
		Release|Any CPU = Release|Any CPU
	EndGlobalSection
	GlobalSection(ProjectConfigurationPlatforms) = postSolution
		{61FB736E-225D-4721-B280-A4D8EEBD008D}.Debug|Any CPU.ActiveCfg = Debug|Any CPU
		{61FB736E-225D-4721-B280-A4D8EEBD008D}.Debug|Any CPU.Build.0 = Debug|Any CPU
		{61FB736E-225D-4721-B280-A4D8EEBD008D}.Release|Any CPU.ActiveCfg = Release|Any CPU
		{61FB736E-225D-4721-B280-A4D8EEBD008D}.Release|Any CPU.Build.0 = Release|Any CPU
		{D62D5D8A-9732-4B9E-9E29-3126D55B317B}.Debug|Any CPU.ActiveCfg = Debug|Any CPU
		{D62D5D8A-9732-4B9E-9E29-3126D55B317B}.Debug|Any CPU.Build.0 = Debug|Any CPU
		{D62D5D8A-9732-4B9E-9E29-3126D55B317B}.Release|Any CPU.ActiveCfg = Release|Any CPU
		{D62D5D8A-9732-4B9E-9E29-3126D55B317B}.Release|Any CPU.Build.0 = Release|Any CPU
	EndGlobalSection
	GlobalSection(SolutionProperties) = preSolution
		HideSolutionNode = FALSE
	EndGlobalSection
EndGlobal
